
Microsoft Visual Studio Solution File, Format Version 12.00
# Visual Studio Version 16
VisualStudioVersion = 16.0.31321.278
MinimumVisualStudioVersion = 10.0.40219.1
Project("{FAE04EC0-301F-11D3-BF4B-00C04F79EFBC}") = "CalculatorIMC", "CalculatorIMC\CalculatorIMC.csproj", "{267BF23D-39EE-4A36-9E67-9D2CE9A583AC}"
EndProject
Global
	GlobalSection(SolutionConfigurationPlatforms) = preSolution
		Debug|Any CPU = Debug|Any CPU
		Release|Any CPU = Release|Any CPU
	EndGlobalSection
	GlobalSection(ProjectConfigurationPlatforms) = postSolution
		{267BF23D-39EE-4A36-9E67-9D2CE9A583AC}.Debug|Any CPU.ActiveCfg = Debug|Any CPU
		{267BF23D-39EE-4A36-9E67-9D2CE9A583AC}.Debug|Any CPU.Build.0 = Debug|Any CPU
		{267BF23D-39EE-4A36-9E67-9D2CE9A583AC}.Release|Any CPU.ActiveCfg = Release|Any CPU
		{267BF23D-39EE-4A36-9E67-9D2CE9A583AC}.Release|Any CPU.Build.0 = Release|Any CPU
	EndGlobalSection
	GlobalSection(SolutionProperties) = preSolution
		HideSolutionNode = FALSE
	EndGlobalSection
	GlobalSection(ExtensibilityGlobals) = postSolution
		SolutionGuid = {60BC3BE4-FF14-44CC-B8CF-EF2CE5250073}
	EndGlobalSection
EndGlobal
